
Microsoft Visual Studio Solution File, Format Version 12.00
# Visual Studio Version 17
VisualStudioVersion = 17.12.35707.178
MinimumVisualStudioVersion = 10.0.40219.1
Project("{2150E333-8FDC-42A3-9474-1A3956D46DE8}") = "tests", "tests", "{F7FFA903-91A1-4E8E-9863-8673C27C8D71}"
EndProject
Project("{2150E333-8FDC-42A3-9474-1A3956D46DE8}") = "src", "src", "{02EA681E-C7D8-13C7-8484-4AC65E1B71E8}"
EndProject
Project("{FAE04EC0-301F-11D3-BF4B-00C04F79EFBC}") = "Mengen", "src\Mengen\Mengen.csproj", "{334AD65E-2C9E-41FB-8CA7-84FC08A1B3BB}"
EndProject
Project("{FAE04EC0-301F-11D3-BF4B-00C04F79EFBC}") = "Abbildungen", "src\Abbildungen\Abbildungen.csproj", "{157DFFAD-484A-43AD-8246-638612D1BA99}"
EndProject
Project("{2150E333-8FDC-42A3-9474-1A3956D46DE8}") = "xUnit", "xUnit", "{DFF36E0E-1A64-4AA1-B014-CA9DC1EA9483}"
EndProject
Project("{2150E333-8FDC-42A3-9474-1A3956D46DE8}") = "Console", "Console", "{E2B05940-D1C7-42B5-9B5A-A6763CF4D3E5}"
EndProject
Project("{FAE04EC0-301F-11D3-BF4B-00C04F79EFBC}") = "Console.Mengen", "tests\Console\Console.Mengen\Console.Mengen.csproj", "{BDC1C2E7-FA51-4584-AC88-97D3A27D00ED}"
EndProject
Project("{FAE04EC0-301F-11D3-BF4B-00C04F79EFBC}") = "xUnit.Mengen", "tests\xUnit\xUnit.Mengen\xUnit.Mengen.csproj", "{9D50237C-A93D-4276-8791-6333DE1D3BFE}"
EndProject
Project("{FAE04EC0-301F-11D3-BF4B-00C04F79EFBC}") = "Library", "src\Library\Library.csproj", "{65F16666-B10F-4A4D-9B14-1C0C5D37C02B}"
EndProject
Global
	GlobalSection(SolutionConfigurationPlatforms) = preSolution
		Debug|Any CPU = Debug|Any CPU
		Release|Any CPU = Release|Any CPU
	EndGlobalSection
	GlobalSection(ProjectConfigurationPlatforms) = postSolution
		{334AD65E-2C9E-41FB-8CA7-84FC08A1B3BB}.Debug|Any CPU.ActiveCfg = Debug|Any CPU
		{334AD65E-2C9E-41FB-8CA7-84FC08A1B3BB}.Debug|Any CPU.Build.0 = Debug|Any CPU
		{334AD65E-2C9E-41FB-8CA7-84FC08A1B3BB}.Release|Any CPU.ActiveCfg = Release|Any CPU
		{334AD65E-2C9E-41FB-8CA7-84FC08A1B3BB}.Release|Any CPU.Build.0 = Release|Any CPU
		{157DFFAD-484A-43AD-8246-638612D1BA99}.Debug|Any CPU.ActiveCfg = Debug|Any CPU
		{157DFFAD-484A-43AD-8246-638612D1BA99}.Debug|Any CPU.Build.0 = Debug|Any CPU
		{157DFFAD-484A-43AD-8246-638612D1BA99}.Release|Any CPU.ActiveCfg = Release|Any CPU
		{157DFFAD-484A-43AD-8246-638612D1BA99}.Release|Any CPU.Build.0 = Release|Any CPU
		{BDC1C2E7-FA51-4584-AC88-97D3A27D00ED}.Debug|Any CPU.ActiveCfg = Debug|Any CPU
		{BDC1C2E7-FA51-4584-AC88-97D3A27D00ED}.Debug|Any CPU.Build.0 = Debug|Any CPU
		{BDC1C2E7-FA51-4584-AC88-97D3A27D00ED}.Release|Any CPU.ActiveCfg = Release|Any CPU
		{BDC1C2E7-FA51-4584-AC88-97D3A27D00ED}.Release|Any CPU.Build.0 = Release|Any CPU
		{9D50237C-A93D-4276-8791-6333DE1D3BFE}.Debug|Any CPU.ActiveCfg = Debug|Any CPU
		{9D50237C-A93D-4276-8791-6333DE1D3BFE}.Debug|Any CPU.Build.0 = Debug|Any CPU
		{9D50237C-A93D-4276-8791-6333DE1D3BFE}.Release|Any CPU.ActiveCfg = Release|Any CPU
		{9D50237C-A93D-4276-8791-6333DE1D3BFE}.Release|Any CPU.Build.0 = Release|Any CPU
		{65F16666-B10F-4A4D-9B14-1C0C5D37C02B}.Debug|Any CPU.ActiveCfg = Debug|Any CPU
		{65F16666-B10F-4A4D-9B14-1C0C5D37C02B}.Debug|Any CPU.Build.0 = Debug|Any CPU
		{65F16666-B10F-4A4D-9B14-1C0C5D37C02B}.Release|Any CPU.ActiveCfg = Release|Any CPU
		{65F16666-B10F-4A4D-9B14-1C0C5D37C02B}.Release|Any CPU.Build.0 = Release|Any CPU
	EndGlobalSection
	GlobalSection(SolutionProperties) = preSolution
		HideSolutionNode = FALSE
	EndGlobalSection
	GlobalSection(NestedProjects) = preSolution
		{334AD65E-2C9E-41FB-8CA7-84FC08A1B3BB} = {02EA681E-C7D8-13C7-8484-4AC65E1B71E8}
		{157DFFAD-484A-43AD-8246-638612D1BA99} = {02EA681E-C7D8-13C7-8484-4AC65E1B71E8}
		{DFF36E0E-1A64-4AA1-B014-CA9DC1EA9483} = {F7FFA903-91A1-4E8E-9863-8673C27C8D71}
		{E2B05940-D1C7-42B5-9B5A-A6763CF4D3E5} = {F7FFA903-91A1-4E8E-9863-8673C27C8D71}
		{BDC1C2E7-FA51-4584-AC88-97D3A27D00ED} = {E2B05940-D1C7-42B5-9B5A-A6763CF4D3E5}
		{9D50237C-A93D-4276-8791-6333DE1D3BFE} = {DFF36E0E-1A64-4AA1-B014-CA9DC1EA9483}
		{65F16666-B10F-4A4D-9B14-1C0C5D37C02B} = {02EA681E-C7D8-13C7-8484-4AC65E1B71E8}
	EndGlobalSection
	GlobalSection(ExtensibilityGlobals) = postSolution
		SolutionGuid = {4E925351-AE40-4C2D-8543-57BDA8509097}
	EndGlobalSection
EndGlobal
